// !$*UTF8*$!
{
	archiveVersion = 1;
	classes = {
	};
	objectVersion = 48;
	objects = {

/* Begin PBXBuildFile section */
		2D15D97320689FB4001E9AB4 /* AppDelegate.swift in Sources */ = {isa = PBXBuildFile; fileRef = 2D15D97220689FB4001E9AB4 /* AppDelegate.swift */; };
		2D15D97520689FB4001E9AB4 /* ViewController.swift in Sources */ = {isa = PBXBuildFile; fileRef = 2D15D97420689FB4001E9AB4 /* ViewController.swift */; };
		2D15D97820689FB4001E9AB4 /* Main.storyboard in Resources */ = {isa = PBXBuildFile; fileRef = 2D15D97620689FB4001E9AB4 /* Main.storyboard */; };
		2D15D97A20689FB4001E9AB4 /* Assets.xcassets in Resources */ = {isa = PBXBuildFile; fileRef = 2D15D97920689FB4001E9AB4 /* Assets.xcassets */; };
		2D15D97D20689FB4001E9AB4 /* LaunchScreen.storyboard in Resources */ = {isa = PBXBuildFile; fileRef = 2D15D97B20689FB4001E9AB4 /* LaunchScreen.storyboard */; };
		2D15D9892068F9F8001E9AB4 /* ViewController2.swift in Sources */ = {isa = PBXBuildFile; fileRef = 2D15D9882068F9F8001E9AB4 /* ViewController2.swift */; };
		2D15D98B2068FAFC001E9AB4 /* TableViewCell.swift in Sources */ = {isa = PBXBuildFile; fileRef = 2D15D98A2068FAFC001E9AB4 /* TableViewCell.swift */; };
		2D3071662069E09600C3F596 /* RegisterViewController.swift in Sources */ = {isa = PBXBuildFile; fileRef = 2D3071652069E09600C3F596 /* RegisterViewController.swift */; };
		2D3071692069E11E00C3F596 /* LoginViewController.swift in Sources */ = {isa = PBXBuildFile; fileRef = 2D3071672069E11E00C3F596 /* LoginViewController.swift */; };
		2D30716A2069E11E00C3F596 /* LoginViewController.xib in Resources */ = {isa = PBXBuildFile; fileRef = 2D3071682069E11E00C3F596 /* LoginViewController.xib */; };
		2D30716C2069E61A00C3F596 /* Config.swift in Sources */ = {isa = PBXBuildFile; fileRef = 2D30716B2069E61A00C3F596 /* Config.swift */; };
		A1E3B349C320F69A0A54D91A /* Pods_ioslanjutan.framework in Frameworks */ = {isa = PBXBuildFile; fileRef = B49430E98742EC05024DA1A2 /* Pods_ioslanjutan.framework */; };
/* End PBXBuildFile section */

/* Begin PBXFileReference section */
		2D15D96F20689FB4001E9AB4 /* ioslanjutan.app */ = {isa = PBXFileReference; explicitFileType = wrapper.application; includeInIndex = 0; path = ioslanjutan.app; sourceTree = BUILT_PRODUCTS_DIR; };
		2D15D97220689FB4001E9AB4 /* AppDelegate.swift */ = {isa = PBXFileReference; lastKnownFileType = sourcecode.swift; path = AppDelegate.swift; sourceTree = "<group>"; };
		2D15D97420689FB4001E9AB4 /* ViewController.swift */ = {isa = PBXFileReference; lastKnownFileType = sourcecode.swift; path = ViewController.swift; sourceTree = "<group>"; };
		2D15D97720689FB4001E9AB4 /* Base */ = {isa = PBXFileReference; lastKnownFileType = file.storyboard; name = Base; path = Base.lproj/Main.storyboard; sourceTree = "<group>"; };
		2D15D97920689FB4001E9AB4 /* Assets.xcassets */ = {isa = PBXFileReference; lastKnownFileType = folder.assetcatalog; path = Assets.xcassets; sourceTree = "<group>"; };
		2D15D97C20689FB4001E9AB4 /* Base */ = {isa = PBXFileReference; lastKnownFileType = file.storyboard; name = Base; path = Base.lproj/LaunchScreen.storyboard; sourceTree = "<group>"; };
		2D15D97E20689FB4001E9AB4 /* Info.plist */ = {isa = PBXFileReference; lastKnownFileType = text.plist.xml; path = Info.plist; sourceTree = "<group>"; };
		2D15D9882068F9F8001E9AB4 /* ViewController2.swift */ = {isa = PBXFileReference; lastKnownFileType = sourcecode.swift; path = ViewController2.swift; sourceTree = "<group>"; };
		2D15D98A2068FAFC001E9AB4 /* TableViewCell.swift */ = {isa = PBXFileReference; lastKnownFileType = sourcecode.swift; path = TableViewCell.swift; sourceTree = "<group>"; };
		2D3071652069E09600C3F596 /* RegisterViewController.swift */ = {isa = PBXFileReference; lastKnownFileType = sourcecode.swift; path = RegisterViewController.swift; sourceTree = "<group>"; };
		2D3071672069E11E00C3F596 /* LoginViewController.swift */ = {isa = PBXFileReference; lastKnownFileType = sourcecode.swift; path = LoginViewController.swift; sourceTree = "<group>"; };
		2D3071682069E11E00C3F596 /* LoginViewController.xib */ = {isa = PBXFileReference; lastKnownFileType = file.xib; path = LoginViewController.xib; sourceTree = "<group>"; };
		2D30716B2069E61A00C3F596 /* Config.swift */ = {isa = PBXFileReference; lastKnownFileType = sourcecode.swift; path = Config.swift; sourceTree = "<group>"; };
		34F7B2CF7C661378295660A4 /* Pods-ioslanjutan.release.xcconfig */ = {isa = PBXFileReference; includeInIndex = 1; lastKnownFileType = text.xcconfig; name = "Pods-ioslanjutan.release.xcconfig"; path = "Pods/Target Support Files/Pods-ioslanjutan/Pods-ioslanjutan.release.xcconfig"; sourceTree = "<group>"; };
		45611438E7807A3B6D890F18 /* Pods-ioslanjutan.debug.xcconfig */ = {isa = PBXFileReference; includeInIndex = 1; lastKnownFileType = text.xcconfig; name = "Pods-ioslanjutan.debug.xcconfig"; path = "Pods/Target Support Files/Pods-ioslanjutan/Pods-ioslanjutan.debug.xcconfig"; sourceTree = "<group>"; };
		B49430E98742EC05024DA1A2 /* Pods_ioslanjutan.framework */ = {isa = PBXFileReference; explicitFileType = wrapper.framework; includeInIndex = 0; path = Pods_ioslanjutan.framework; sourceTree = BUILT_PRODUCTS_DIR; };
/* End PBXFileReference section */

/* Begin PBXFrameworksBuildPhase section */
		2D15D96C20689FB4001E9AB4 /* Frameworks */ = {
			isa = PBXFrameworksBuildPhase;
			buildActionMask = 2147483647;
			files = (
				A1E3B349C320F69A0A54D91A /* Pods_ioslanjutan.framework in Frameworks */,
			);
			runOnlyForDeploymentPostprocessing = 0;
		};
/* End PBXFrameworksBuildPhase section */

/* Begin PBXGroup section */
		0E69B7408DE6C2D7485E9326 /* Pods */ = {
			isa = PBXGroup;
			children = (
				45611438E7807A3B6D890F18 /* Pods-ioslanjutan.debug.xcconfig */,
				34F7B2CF7C661378295660A4 /* Pods-ioslanjutan.release.xcconfig */,
			);
			name = Pods;
			sourceTree = "<group>";
		};
		2D15D96620689FB4001E9AB4 = {
			isa = PBXGroup;
			children = (
				2D15D97120689FB4001E9AB4 /* ioslanjutan */,
				2D15D97020689FB4001E9AB4 /* Products */,
				0E69B7408DE6C2D7485E9326 /* Pods */,
				36E5DF0BFE4D3FDC45846137 /* Frameworks */,
			);
			sourceTree = "<group>";
		};
		2D15D97020689FB4001E9AB4 /* Products */ = {
			isa = PBXGroup;
			children = (
				2D15D96F20689FB4001E9AB4 /* ioslanjutan.app */,
			);
			name = Products;
			sourceTree = "<group>";
		};
		2D15D97120689FB4001E9AB4 /* ioslanjutan */ = {
			isa = PBXGroup;
			children = (
				2D15D97220689FB4001E9AB4 /* AppDelegate.swift */,
				2D15D97420689FB4001E9AB4 /* ViewController.swift */,
				2D15D97620689FB4001E9AB4 /* Main.storyboard */,
				2D15D97920689FB4001E9AB4 /* Assets.xcassets */,
				2D15D97B20689FB4001E9AB4 /* LaunchScreen.storyboard */,
				2D15D97E20689FB4001E9AB4 /* Info.plist */,
				2D15D9882068F9F8001E9AB4 /* ViewController2.swift */,
				2D15D98A2068FAFC001E9AB4 /* TableViewCell.swift */,
				2D3071652069E09600C3F596 /* RegisterViewController.swift */,
				2D3071672069E11E00C3F596 /* LoginViewController.swift */,
				2D3071682069E11E00C3F596 /* LoginViewController.xib */,
				2D30716B2069E61A00C3F596 /* Config.swift */,
			);
			path = ioslanjutan;
			sourceTree = "<group>";
		};
		36E5DF0BFE4D3FDC45846137 /* Frameworks */ = {
			isa = PBXGroup;
			children = (
				B49430E98742EC05024DA1A2 /* Pods_ioslanjutan.framework */,
			);
			name = Frameworks;
			sourceTree = "<group>";
		};
/* End PBXGroup section */

/* Begin PBXNativeTarget section */
		2D15D96E20689FB4001E9AB4 /* ioslanjutan */ = {
			isa = PBXNativeTarget;
			buildConfigurationList = 2D15D98120689FB4001E9AB4 /* Build configuration list for PBXNativeTarget "ioslanjutan" */;
			buildPhases = (
				86B8EFE942A1B2AC0845050E /* [CP] Check Pods Manifest.lock */,
				2D15D96B20689FB4001E9AB4 /* Sources */,
				2D15D96C20689FB4001E9AB4 /* Frameworks */,
				2D15D96D20689FB4001E9AB4 /* Resources */,
				BC36FAC07BFF0ED414DC4DE2 /* [CP] Embed Pods Frameworks */,
				D93BD08311E8BB4B33BF7C27 /* [CP] Copy Pods Resources */,
			);
			buildRules = (
			);
			dependencies = (
			);
			name = ioslanjutan;
			productName = ioslanjutan;
			productReference = 2D15D96F20689FB4001E9AB4 /* ioslanjutan.app */;
			productType = "com.apple.product-type.application";
		};
/* End PBXNativeTarget section */

/* Begin PBXProject section */
		2D15D96720689FB4001E9AB4 /* Project object */ = {
			isa = PBXProject;
			attributes = {
				LastSwiftUpdateCheck = 0920;
				LastUpgradeCheck = 0920;
				ORGANIZATIONNAME = imastudio;
				TargetAttributes = {
					2D15D96E20689FB4001E9AB4 = {
						CreatedOnToolsVersion = 9.2;
						ProvisioningStyle = Automatic;
					};
				};
			};
			buildConfigurationList = 2D15D96A20689FB4001E9AB4 /* Build configuration list for PBXProject "ioslanjutan" */;
			compatibilityVersion = "Xcode 8.0";
			developmentRegion = en;
			hasScannedForEncodings = 0;
			knownRegions = (
				en,
				Base,
			);
			mainGroup = 2D15D96620689FB4001E9AB4;
			productRefGroup = 2D15D97020689FB4001E9AB4 /* Products */;
			projectDirPath = "";
			projectRoot = "";
			targets = (
				2D15D96E20689FB4001E9AB4 /* ioslanjutan */,
			);
		};
/* End PBXProject section */

/* Begin PBXResourcesBuildPhase section */
		2D15D96D20689FB4001E9AB4 /* Resources */ = {
			isa = PBXResourcesBuildPhase;
			buildActionMask = 2147483647;
			files = (
				2D30716A2069E11E00C3F596 /* LoginViewController.xib in Resources */,
				2D15D97D20689FB4001E9AB4 /* LaunchScreen.storyboard in Resources */,
				2D15D97A20689FB4001E9AB4 /* Assets.xcassets in Resources */,
				2D15D97820689FB4001E9AB4 /* Main.storyboard in Resources */,
			);
			runOnlyForDeploymentPostprocessing = 0;
		};
/* End PBXResourcesBuildPhase section */

/* Begin PBXShellScriptBuildPhase section */
		86B8EFE942A1B2AC0845050E /* [CP] Check Pods Manifest.lock */ = {
			isa = PBXShellScriptBuildPhase;
			buildActionMask = 2147483647;
			files = (
			);
			inputPaths = (
				"${PODS_PODFILE_DIR_PATH}/Podfile.lock",
				"${PODS_ROOT}/Manifest.lock",
			);
			name = "[CP] Check Pods Manifest.lock";
			outputPaths = (
				"$(DERIVED_FILE_DIR)/Pods-ioslanjutan-checkManifestLockResult.txt",
			);
			runOnlyForDeploymentPostprocessing = 0;
			shellPath = /bin/sh;
			shellScript = "diff \"${PODS_PODFILE_DIR_PATH}/Podfile.lock\" \"${PODS_ROOT}/Manifest.lock\" > /dev/null\nif [ $? != 0 ] ; then\n    # print error to STDERR\n    echo \"error: The sandbox is not in sync with the Podfile.lock. Run 'pod install' or update your CocoaPods installation.\" >&2\n    exit 1\nfi\n# This output is used by Xcode 'outputs' to avoid re-running this script phase.\necho \"SUCCESS\" > \"${SCRIPT_OUTPUT_FILE_0}\"\n";
			showEnvVarsInLog = 0;
		};
		BC36FAC07BFF0ED414DC4DE2 /* [CP] Embed Pods Frameworks */ = {
			isa = PBXShellScriptBuildPhase;
			buildActionMask = 2147483647;
			files = (
			);
			inputPaths = (
				"${SRCROOT}/Pods/Target Support Files/Pods-ioslanjutan/Pods-ioslanjutan-frameworks.sh",
				"${BUILT_PRODUCTS_DIR}/Alamofire/Alamofire.framework",
				"${BUILT_PRODUCTS_DIR}/SwiftyJSON/SwiftyJSON.framework",
			);
			name = "[CP] Embed Pods Frameworks";
			outputPaths = (
				"${TARGET_BUILD_DIR}/${FRAMEWORKS_FOLDER_PATH}/Alamofire.framework",
				"${TARGET_BUILD_DIR}/${FRAMEWORKS_FOLDER_PATH}/SwiftyJSON.framework",
			);
			runOnlyForDeploymentPostprocessing = 0;
			shellPath = /bin/sh;
			shellScript = "\"${SRCROOT}/Pods/Target Support Files/Pods-ioslanjutan/Pods-ioslanjutan-frameworks.sh\"\n";
			showEnvVarsInLog = 0;
		};
		D93BD08311E8BB4B33BF7C27 /* [CP] Copy Pods Resources */ = {
			isa = PBXShellScriptBuildPhase;
			buildActionMask = 2147483647;
			files = (
			);
			inputPaths = (
			);
			name = "[CP] Copy Pods Resources";
			outputPaths = (
			);
			runOnlyForDeploymentPostprocessing = 0;
			shellPath = /bin/sh;
			shellScript = "\"${SRCROOT}/Pods/Target Support Files/Pods-ioslanjutan/Pods-ioslanjutan-resources.sh\"\n";
			showEnvVarsInLog = 0;
		};
/* End PBXShellScriptBuildPhase section */

/* Begin PBXSourcesBuildPhase section */
		2D15D96B20689FB4001E9AB4 /* Sources */ = {
			isa = PBXSourcesBuildPhase;
			buildActionMask = 2147483647;
			files = (
				2D3071692069E11E00C3F596 /* LoginViewController.swift in Sources */,
				2D15D97520689FB4001E9AB4 /* ViewController.swift in Sources */,
				2D3071662069E09600C3F596 /* RegisterViewController.swift in Sources */,
				2D30716C2069E61A00C3F596 /* Config.swift in Sources */,
				2D15D98B2068FAFC001E9AB4 /* TableViewCell.swift in Sources */,
				2D15D97320689FB4001E9AB4 /* AppDelegate.swift in Sources */,
				2D15D9892068F9F8001E9AB4 /* ViewController2.swift in Sources */,
			);
			runOnlyForDeploymentPostprocessing = 0;
		};
/* End PBXSourcesBuildPhase section */

/* Begin PBXVariantGroup section */
		2D15D97620689FB4001E9AB4 /* Main.storyboard */ = {
			isa = PBXVariantGroup;
			children = (
				2D15D97720689FB4001E9AB4 /* Base */,
			);
			name = Main.storyboard;
			sourceTree = "<group>";
		};
		2D15D97B20689FB4001E9AB4 /* LaunchScreen.storyboard */ = {
			isa = PBXVariantGroup;
			children = (
				2D15D97C20689FB4001E9AB4 /* Base */,
			);
			name = LaunchScreen.storyboard;
			sourceTree = "<group>";
		};
/* End PBXVariantGroup section */

/* Begin XCBuildConfiguration section */
		2D15D97F20689FB4001E9AB4 /* Debug */ = {
			isa = XCBuildConfiguration;
			buildSettings = {
				ALWAYS_SEARCH_USER_PATHS = NO;
				CLANG_ANALYZER_NONNULL = YES;
				CLANG_ANALYZER_NUMBER_OBJECT_CONVERSION = YES_AGGRESSIVE;
				CLANG_CXX_LANGUAGE_STANDARD = "gnu++14";
				CLANG_CXX_LIBRARY = "libc++";
				CLANG_ENABLE_MODULES = YES;
				CLANG_ENABLE_OBJC_ARC = YES;
				CLANG_WARN_BLOCK_CAPTURE_AUTORELEASING = YES;
				CLANG_WARN_BOOL_CONVERSION = YES;
				CLANG_WARN_COMMA = YES;
				CLANG_WARN_CONSTANT_CONVERSION = YES;
				CLANG_WARN_DIRECT_OBJC_ISA_USAGE = YES_ERROR;
				CLANG_WARN_DOCUMENTATION_COMMENTS = YES;
				CLANG_WARN_EMPTY_BODY = YES;
				CLANG_WARN_ENUM_CONVERSION = YES;
				CLANG_WARN_INFINITE_RECURSION = YES;
				CLANG_WARN_INT_CONVERSION = YES;
				CLANG_WARN_NON_LITERAL_NULL_CONVERSION = YES;
				CLANG_WARN_OBJC_LITERAL_CONVERSION = YES;
				CLANG_WARN_OBJC_ROOT_CLASS = YES_ERROR;
				CLANG_WARN_RANGE_LOOP_ANALYSIS = YES;
				CLANG_WARN_STRICT_PROTOTYPES = YES;
				CLANG_WARN_SUSPICIOUS_MOVE = YES;
				CLANG_WARN_UNGUARDED_AVAILABILITY = YES_AGGRESSIVE;
				CLANG_WARN_UNREACHABLE_CODE = YES;
				CLANG_WARN__DUPLICATE_METHOD_MATCH = YES;
				CODE_SIGN_IDENTITY = "iPhone Developer";
				COPY_PHASE_STRIP = NO;
				DEBUG_INFORMATION_FORMAT = dwarf;
				ENABLE_STRICT_OBJC_MSGSEND = YES;
				ENABLE_TESTABILITY = YES;
				GCC_C_LANGUAGE_STANDARD = gnu11;
				GCC_DYNAMIC_NO_PIC = NO;
				GCC_NO_COMMON_BLOCKS = YES;
				GCC_OPTIMIZATION_LEVEL = 0;
				GCC_PREPROCESSOR_DEFINITIONS = (
					"DEBUG=1",
					"$(inherited)",
				);
				GCC_WARN_64_TO_32_BIT_CONVERSION = YES;
				GCC_WARN_ABOUT_RETURN_TYPE = YES_ERROR;
				GCC_WARN_UNDECLARED_SELECTOR = YES;
				GCC_WARN_UNINITIALIZED_AUTOS = YES_AGGRESSIVE;
				GCC_WARN_UNUSED_FUNCTION = YES;
				GCC_WARN_UNUSED_VARIABLE = YES;
				IPHONEOS_DEPLOYMENT_TARGET = 11.2;
				MTL_ENABLE_DEBUG_INFO = YES;
				ONLY_ACTIVE_ARCH = YES;
				SDKROOT = iphoneos;
				SWIFT_ACTIVE_COMPILATION_CONDITIONS = DEBUG;
				SWIFT_OPTIMIZATION_LEVEL = "-Onone";
			};
			name = Debug;
		};
		2D15D98020689FB4001E9AB4 /* Release */ = {
			isa = XCBuildConfiguration;
			buildSettings = {
				ALWAYS_SEARCH_USER_PATHS = NO;
				CLANG_ANALYZER_NONNULL = YES;
				CLANG_ANALYZER_NUMBER_OBJECT_CONVERSION = YES_AGGRESSIVE;
				CLANG_CXX_LANGUAGE_STANDARD = "gnu++14";
				CLANG_CXX_LIBRARY = "libc++";
				CLANG_ENABLE_MODULES = YES;
				CLANG_ENABLE_OBJC_ARC = YES;
				CLANG_WARN_BLOCK_CAPTURE_AUTORELEASING = YES;
				CLANG_WARN_BOOL_CONVERSION = YES;
				CLANG_WARN_COMMA = YES;
				CLANG_WARN_CONSTANT_CONVERSION = YES;
				CLANG_WARN_DIRECT_OBJC_ISA_USAGE = YES_ERROR;
				CLANG_WARN_DOCUMENTATION_COMMENTS = YES;
				CLANG_WARN_EMPTY_BODY = YES;
				CLANG_WARN_ENUM_CONVERSION = YES;
				CLANG_WARN_INFINITE_RECURSION = YES;
				CLANG_WARN_INT_CONVERSION = YES;
				CLANG_WARN_NON_LITERAL_NULL_CONVERSION = YES;
				CLANG_WARN_OBJC_LITERAL_CONVERSION = YES;
				CLANG_WARN_OBJC_ROOT_CLASS = YES_ERROR;
				CLANG_WARN_RANGE_LOOP_ANALYSIS = YES;
				CLANG_WARN_STRICT_PROTOTYPES = YES;
				CLANG_WARN_SUSPICIOUS_MOVE = YES;
				CLANG_WARN_UNGUARDED_AVAILABILITY = YES_AGGRESSIVE;
				CLANG_WARN_UNREACHABLE_CODE = YES;
				CLANG_WARN__DUPLICATE_METHOD_MATCH = YES;
				CODE_SIGN_IDENTITY = "iPhone Developer";
				COPY_PHASE_STRIP = NO;
				DEBUG_INFORMATION_FORMAT = "dwarf-with-dsym";
				ENABLE_NS_ASSERTIONS = NO;
				ENABLE_STRICT_OBJC_MSGSEND = YES;
				GCC_C_LANGUAGE_STANDARD = gnu11;
				GCC_NO_COMMON_BLOCKS = YES;
				GCC_WARN_64_TO_32_BIT_CONVERSION = YES;
				GCC_WARN_ABOUT_RETURN_TYPE = YES_ERROR;
				GCC_WARN_UNDECLARED_SELECTOR = YES;
				GCC_WARN_UNINITIALIZED_AUTOS = YES_AGGRESSIVE;
				GCC_WARN_UNUSED_FUNCTION = YES;
				GCC_WARN_UNUSED_VARIABLE = YES;
				IPHONEOS_DEPLOYMENT_TARGET = 11.2;
				MTL_ENABLE_DEBUG_INFO = NO;
				SDKROOT = iphoneos;
				SWIFT_OPTIMIZATION_LEVEL = "-Owholemodule";
				VALIDATE_PRODUCT = YES;
			};
			name = Release;
		};
		2D15D98220689FB4001E9AB4 /* Debug */ = {
			isa = XCBuildConfiguration;
			baseConfigurationReference = 45611438E7807A3B6D890F18 /* Pods-ioslanjutan.debug.xcconfig */;
			buildSettings = {
				ASSETCATALOG_COMPILER_APPICON_NAME = AppIcon;
				CODE_SIGN_STYLE = Automatic;
				DEVELOPMENT_TEAM = Y5VE7KJP5J;
				INFOPLIST_FILE = ioslanjutan/Info.plist;
				IPHONEOS_DEPLOYMENT_TARGET = 11.1;
				LD_RUNPATH_SEARCH_PATHS = "$(inherited) @executable_path/Frameworks";
				PRODUCT_BUNDLE_IDENTIFIER = imastudio.co.id.ioslanjutan;
				PRODUCT_NAME = "$(TARGET_NAME)";
				SWIFT_VERSION = 4.0;
				TARGETED_DEVICE_FAMILY = "1,2";
			};
			name = Debug;
		};
		2D15D98320689FB4001E9AB4 /* Release */ = {
			isa = XCBuildConfiguration;
			baseConfigurationReference = 34F7B2CF7C661378295660A4 /* Pods-ioslanjutan.release.xcconfig */;
			buildSettings = {
				ASSETCATALOG_COMPILER_APPICON_NAME = AppIcon;
				CODE_SIGN_STYLE = Automatic;
				DEVELOPMENT_TEAM = Y5VE7KJP5J;
				INFOPLIST_FILE = ioslanjutan/Info.plist;
				IPHONEOS_DEPLOYMENT_TARGET = 11.1;
				LD_RUNPATH_SEARCH_PATHS = "$(inherited) @executable_path/Frameworks";
				PRODUCT_BUNDLE_IDENTIFIER = imastudio.co.id.ioslanjutan;
				PRODUCT_NAME = "$(TARGET_NAME)";
				SWIFT_VERSION = 4.0;
				TARGETED_DEVICE_FAMILY = "1,2";
			};
			name = Release;
		};
/* End XCBuildConfiguration section */

/* Begin XCConfigurationList section */
		2D15D96A20689FB4001E9AB4 /* Build configuration list for PBXProject "ioslanjutan" */ = {
			isa = XCConfigurationList;
			buildConfigurations = (
				2D15D97F20689FB4001E9AB4 /* Debug */,
				2D15D98020689FB4001E9AB4 /* Release */,
			);
			defaultConfigurationIsVisible = 0;
			defaultConfigurationName = Release;
		};
		2D15D98120689FB4001E9AB4 /* Build configuration list for PBXNativeTarget "ioslanjutan" */ = {
			isa = XCConfigurationList;
			buildConfigurations = (
				2D15D98220689FB4001E9AB4 /* Debug */,
				2D15D98320689FB4001E9AB4 /* Release */,
			);
			defaultConfigurationIsVisible = 0;
			defaultConfigurationName = Release;
		};
/* End XCConfigurationList section */
	};
	rootObject = 2D15D96720689FB4001E9AB4 /* Project object */;
}
